// !$*UTF8*$!
{
	archiveVersion = 1;
	classes = {
	};
	objectVersion = 56;
	objects = {

/* Begin PBXBuildFile section */
		1C0E138B2CDA627F00778C2E /* AppDelegate.swift in Sources */ = {isa = PBXBuildFile; fileRef = 1C0E138A2CDA627F00778C2E /* AppDelegate.swift */; };
		1C0E138D2CDA627F00778C2E /* SceneDelegate.swift in Sources */ = {isa = PBXBuildFile; fileRef = 1C0E138C2CDA627F00778C2E /* SceneDelegate.swift */; };
		1C0E138F2CDA627F00778C2E /* ViewController.swift in Sources */ = {isa = PBXBuildFile; fileRef = 1C0E138E2CDA627F00778C2E /* ViewController.swift */; };
		1C0E13922CDA627F00778C2E /* Base in Resources */ = {isa = PBXBuildFile; fileRef = 1C0E13912CDA627F00778C2E /* Base */; };
		1C0E13942CDA628100778C2E /* Assets.xcassets in Resources */ = {isa = PBXBuildFile; fileRef = 1C0E13932CDA628100778C2E /* Assets.xcassets */; };
		1C0E13972CDA628100778C2E /* Base in Resources */ = {isa = PBXBuildFile; fileRef = 1C0E13962CDA628100778C2E /* Base */; };
		1C13850E2E41204200471B5E /* NoteTableViewCell.swift in Sources */ = {isa = PBXBuildFile; fileRef = 1C13850D2E41203600471B5E /* NoteTableViewCell.swift */; };
		1C8895702CDCE77400107A8B /* LoginScreenView.swift in Sources */ = {isa = PBXBuildFile; fileRef = 1C88956F2CDCE77400107A8B /* LoginScreenView.swift */; };
		1C8895722CDCE79F00107A8B /* RegisterScreenView.swift in Sources */ = {isa = PBXBuildFile; fileRef = 1C8895712CDCE79F00107A8B /* RegisterScreenView.swift */; };
		1C8895762CDCE8F400107A8B /* ProfileScreenView.swift in Sources */ = {isa = PBXBuildFile; fileRef = 1C8895752CDCE8F400107A8B /* ProfileScreenView.swift */; };
		1C8895782CDCEE1600107A8B /* AddNoteScreenView.swift in Sources */ = {isa = PBXBuildFile; fileRef = 1C8895772CDCEE1600107A8B /* AddNoteScreenView.swift */; };
		1C88957A2CDCEE4900107A8B /* ProfileScreenViewController.swift in Sources */ = {isa = PBXBuildFile; fileRef = 1C8895792CDCEE4900107A8B /* ProfileScreenViewController.swift */; };
		1C88957D2CDCEE7000107A8B /* RegisterViewController.swift in Sources */ = {isa = PBXBuildFile; fileRef = 1C88957C2CDCEE7000107A8B /* RegisterViewController.swift */; };
		1C8895802CDCEE9200107A8B /* AddNoteViewController.swift in Sources */ = {isa = PBXBuildFile; fileRef = 1C88957F2CDCEE9200107A8B /* AddNoteViewController.swift */; };
		1C8895832CDCEEE300107A8B /* MainScreenView.swift in Sources */ = {isa = PBXBuildFile; fileRef = 1C8895822CDCEEE300107A8B /* MainScreenView.swift */; };
		1C8895862CDCEF0F00107A8B /* LoginScreenViewController.swift in Sources */ = {isa = PBXBuildFile; fileRef = 1C8895852CDCEF0F00107A8B /* LoginScreenViewController.swift */; };
		2FDD5FB7766F42ED24E5C8AE /* Pods_NotesStream.framework in Frameworks */ = {isa = PBXBuildFile; fileRef = 37FE9C6F7ABFDFC61BF11C66 /* Pods_NotesStream.framework */; };
/* End PBXBuildFile section */

/* Begin PBXFileReference section */
		0BBF7BAAF8D56328F43EE4E8 /* Pods-NotesStream.release.xcconfig */ = {isa = PBXFileReference; includeInIndex = 1; lastKnownFileType = text.xcconfig; name = "Pods-NotesStream.release.xcconfig"; path = "Target Support Files/Pods-NotesStream/Pods-NotesStream.release.xcconfig"; sourceTree = "<group>"; };
		1C0E13872CDA627F00778C2E /* NotesStream.app */ = {isa = PBXFileReference; explicitFileType = wrapper.application; includeInIndex = 0; path = NotesStream.app; sourceTree = BUILT_PRODUCTS_DIR; };
		1C0E138A2CDA627F00778C2E /* AppDelegate.swift */ = {isa = PBXFileReference; lastKnownFileType = sourcecode.swift; path = AppDelegate.swift; sourceTree = "<group>"; };
		1C0E138C2CDA627F00778C2E /* SceneDelegate.swift */ = {isa = PBXFileReference; lastKnownFileType = sourcecode.swift; path = SceneDelegate.swift; sourceTree = "<group>"; };
		1C0E138E2CDA627F00778C2E /* ViewController.swift */ = {isa = PBXFileReference; lastKnownFileType = sourcecode.swift; path = ViewController.swift; sourceTree = "<group>"; };
		1C0E13912CDA627F00778C2E /* Base */ = {isa = PBXFileReference; lastKnownFileType = file.storyboard; name = Base; path = Base.lproj/Main.storyboard; sourceTree = "<group>"; };
		1C0E13932CDA628100778C2E /* Assets.xcassets */ = {isa = PBXFileReference; lastKnownFileType = folder.assetcatalog; path = Assets.xcassets; sourceTree = "<group>"; };
		1C0E13962CDA628100778C2E /* Base */ = {isa = PBXFileReference; lastKnownFileType = file.storyboard; name = Base; path = Base.lproj/LaunchScreen.storyboard; sourceTree = "<group>"; };
		1C0E13982CDA628100778C2E /* Info.plist */ = {isa = PBXFileReference; lastKnownFileType = text.plist.xml; path = Info.plist; sourceTree = "<group>"; };
		1C13850D2E41203600471B5E /* NoteTableViewCell.swift */ = {isa = PBXFileReference; lastKnownFileType = sourcecode.swift; path = NoteTableViewCell.swift; sourceTree = "<group>"; };
		1C88956F2CDCE77400107A8B /* LoginScreenView.swift */ = {isa = PBXFileReference; lastKnownFileType = sourcecode.swift; path = LoginScreenView.swift; sourceTree = "<group>"; };
		1C8895712CDCE79F00107A8B /* RegisterScreenView.swift */ = {isa = PBXFileReference; lastKnownFileType = sourcecode.swift; path = RegisterScreenView.swift; sourceTree = "<group>"; };
		1C8895752CDCE8F400107A8B /* ProfileScreenView.swift */ = {isa = PBXFileReference; lastKnownFileType = sourcecode.swift; path = ProfileScreenView.swift; sourceTree = "<group>"; };
		1C8895772CDCEE1600107A8B /* AddNoteScreenView.swift */ = {isa = PBXFileReference; lastKnownFileType = sourcecode.swift; path = AddNoteScreenView.swift; sourceTree = "<group>"; };
		1C8895792CDCEE4900107A8B /* ProfileScreenViewController.swift */ = {isa = PBXFileReference; lastKnownFileType = sourcecode.swift; path = ProfileScreenViewController.swift; sourceTree = "<group>"; };
		1C88957C2CDCEE7000107A8B /* RegisterViewController.swift */ = {isa = PBXFileReference; lastKnownFileType = sourcecode.swift; path = RegisterViewController.swift; sourceTree = "<group>"; };
		1C88957F2CDCEE9200107A8B /* AddNoteViewController.swift */ = {isa = PBXFileReference; lastKnownFileType = sourcecode.swift; path = AddNoteViewController.swift; sourceTree = "<group>"; };
		1C8895822CDCEEE300107A8B /* MainScreenView.swift */ = {isa = PBXFileReference; lastKnownFileType = sourcecode.swift; path = MainScreenView.swift; sourceTree = "<group>"; };
		1C8895852CDCEF0F00107A8B /* LoginScreenViewController.swift */ = {isa = PBXFileReference; lastKnownFileType = sourcecode.swift; path = LoginScreenViewController.swift; sourceTree = "<group>"; };
		37FE9C6F7ABFDFC61BF11C66 /* Pods_NotesStream.framework */ = {isa = PBXFileReference; explicitFileType = wrapper.framework; includeInIndex = 0; path = Pods_NotesStream.framework; sourceTree = BUILT_PRODUCTS_DIR; };
		AA61BF75A093D833D1C1A105 /* Pods-NotesStream.debug.xcconfig */ = {isa = PBXFileReference; includeInIndex = 1; lastKnownFileType = text.xcconfig; name = "Pods-NotesStream.debug.xcconfig"; path = "Target Support Files/Pods-NotesStream/Pods-NotesStream.debug.xcconfig"; sourceTree = "<group>"; };
/* End PBXFileReference section */

/* Begin PBXFrameworksBuildPhase section */
		1C0E13842CDA627F00778C2E /* Frameworks */ = {
			isa = PBXFrameworksBuildPhase;
			buildActionMask = 2147483647;
			files = (
				2FDD5FB7766F42ED24E5C8AE /* Pods_NotesStream.framework in Frameworks */,
			);
			runOnlyForDeploymentPostprocessing = 0;
		};
/* End PBXFrameworksBuildPhase section */

/* Begin PBXGroup section */
		1C0E137E2CDA627F00778C2E = {
			isa = PBXGroup;
			children = (
				1C0E13892CDA627F00778C2E /* NotesStream */,
				1C0E13882CDA627F00778C2E /* Products */,
				AFB52C25CCF59E32C8F4EC22 /* Pods */,
				DDF79768ED3E8D6241740DB8 /* Frameworks */,
			);
			sourceTree = "<group>";
		};
		1C0E13882CDA627F00778C2E /* Products */ = {
			isa = PBXGroup;
			children = (
				1C0E13872CDA627F00778C2E /* NotesStream.app */,
			);
			name = Products;
			sourceTree = "<group>";
		};
		1C0E13892CDA627F00778C2E /* NotesStream */ = {
			isa = PBXGroup;
			children = (
				1C0E138A2CDA627F00778C2E /* AppDelegate.swift */,
				1C0E138C2CDA627F00778C2E /* SceneDelegate.swift */,
				1C8895842CDCEEEE00107A8B /* Main Screen  */,
				1C0E13902CDA627F00778C2E /* Main.storyboard */,
				1C0E13932CDA628100778C2E /* Assets.xcassets */,
				1C0E13952CDA628100778C2E /* LaunchScreen.storyboard */,
				1C0E13982CDA628100778C2E /* Info.plist */,
				1C8895872CDCEF1800107A8B /* Login Screen */,
				1C88957E2CDCEE7600107A8B /* Register Screen */,
				1C88957B2CDCEE5300107A8B /* Profile Screen */,
				1C8895812CDCEE9700107A8B /* Add Note Screen  */,
			);
			path = NotesStream;
			sourceTree = "<group>";
		};
		1C88957B2CDCEE5300107A8B /* Profile Screen */ = {
			isa = PBXGroup;
			children = (
				1C8895752CDCE8F400107A8B /* ProfileScreenView.swift */,
				1C8895792CDCEE4900107A8B /* ProfileScreenViewController.swift */,
			);
			path = "Profile Screen";
			sourceTree = "<group>";
		};
		1C88957E2CDCEE7600107A8B /* Register Screen */ = {
			isa = PBXGroup;
			children = (
				1C8895712CDCE79F00107A8B /* RegisterScreenView.swift */,
				1C88957C2CDCEE7000107A8B /* RegisterViewController.swift */,
			);
			path = "Register Screen";
			sourceTree = "<group>";
		};
		1C8895812CDCEE9700107A8B /* Add Note Screen  */ = {
			isa = PBXGroup;
			children = (
				1C8895772CDCEE1600107A8B /* AddNoteScreenView.swift */,
				1C88957F2CDCEE9200107A8B /* AddNoteViewController.swift */,
			);
			path = "Add Note Screen ";
			sourceTree = "<group>";
		};
		1C8895842CDCEEEE00107A8B /* Main Screen  */ = {
			isa = PBXGroup;
			children = (
				1C13850D2E41203600471B5E /* NoteTableViewCell.swift */,
				1C0E138E2CDA627F00778C2E /* ViewController.swift */,
				1C8895822CDCEEE300107A8B /* MainScreenView.swift */,
			);
			path = "Main Screen ";
			sourceTree = "<group>";
		};
		1C8895872CDCEF1800107A8B /* Login Screen */ = {
			isa = PBXGroup;
			children = (
				1C88956F2CDCE77400107A8B /* LoginScreenView.swift */,
				1C8895852CDCEF0F00107A8B /* LoginScreenViewController.swift */,
			);
			path = "Login Screen";
			sourceTree = "<group>";
		};
		AFB52C25CCF59E32C8F4EC22 /* Pods */ = {
			isa = PBXGroup;
			children = (
				AA61BF75A093D833D1C1A105 /* Pods-NotesStream.debug.xcconfig */,
				0BBF7BAAF8D56328F43EE4E8 /* Pods-NotesStream.release.xcconfig */,
			);
			path = Pods;
			sourceTree = "<group>";
		};
		DDF79768ED3E8D6241740DB8 /* Frameworks */ = {
			isa = PBXGroup;
			children = (
				37FE9C6F7ABFDFC61BF11C66 /* Pods_NotesStream.framework */,
			);
			name = Frameworks;
			sourceTree = "<group>";
		};
/* End PBXGroup section */

/* Begin PBXNativeTarget section */
		1C0E13862CDA627F00778C2E /* NotesStream */ = {
			isa = PBXNativeTarget;
			buildConfigurationList = 1C0E139B2CDA628100778C2E /* Build configuration list for PBXNativeTarget "NotesStream" */;
			buildPhases = (
				524B324F2E67EDED6A5689BE /* [CP] Check Pods Manifest.lock */,
				1C0E13832CDA627F00778C2E /* Sources */,
				1C0E13842CDA627F00778C2E /* Frameworks */,
				1C0E13852CDA627F00778C2E /* Resources */,
				5E6F3F4EC1AB7EDA8B697852 /* [CP] Embed Pods Frameworks */,
			);
			buildRules = (
			);
			dependencies = (
			);
			name = NotesStream;
			productName = NotesApp;
			productReference = 1C0E13872CDA627F00778C2E /* NotesStream.app */;
			productType = "com.apple.product-type.application";
		};
/* End PBXNativeTarget section */

/* Begin PBXProject section */
		1C0E137F2CDA627F00778C2E /* Project object */ = {
			isa = PBXProject;
			attributes = {
				BuildIndependentTargetsInParallel = 1;
				LastSwiftUpdateCheck = 1540;
				LastUpgradeCheck = 1540;
				TargetAttributes = {
					1C0E13862CDA627F00778C2E = {
						CreatedOnToolsVersion = 15.4;
					};
				};
			};
			buildConfigurationList = 1C0E13822CDA627F00778C2E /* Build configuration list for PBXProject "NotesStream" */;
			compatibilityVersion = "Xcode 14.0";
			developmentRegion = en;
			hasScannedForEncodings = 0;
			knownRegions = (
				en,
				Base,
			);
			mainGroup = 1C0E137E2CDA627F00778C2E;
			productRefGroup = 1C0E13882CDA627F00778C2E /* Products */;
			projectDirPath = "";
			projectRoot = "";
			targets = (
				1C0E13862CDA627F00778C2E /* NotesStream */,
			);
		};
/* End PBXProject section */

/* Begin PBXResourcesBuildPhase section */
		1C0E13852CDA627F00778C2E /* Resources */ = {
			isa = PBXResourcesBuildPhase;
			buildActionMask = 2147483647;
			files = (
				1C0E13942CDA628100778C2E /* Assets.xcassets in Resources */,
				1C0E13972CDA628100778C2E /* Base in Resources */,
				1C0E13922CDA627F00778C2E /* Base in Resources */,
			);
			runOnlyForDeploymentPostprocessing = 0;
		};
/* End PBXResourcesBuildPhase section */

/* Begin PBXShellScriptBuildPhase section */
		524B324F2E67EDED6A5689BE /* [CP] Check Pods Manifest.lock */ = {
			isa = PBXShellScriptBuildPhase;
			buildActionMask = 2147483647;
			files = (
			);
			inputFileListPaths = (
			);
			inputPaths = (
				"${PODS_PODFILE_DIR_PATH}/Podfile.lock",
				"${PODS_ROOT}/Manifest.lock",
			);
			name = "[CP] Check Pods Manifest.lock";
			outputFileListPaths = (
			);
			outputPaths = (
				"$(DERIVED_FILE_DIR)/Pods-NotesStream-checkManifestLockResult.txt",
			);
			runOnlyForDeploymentPostprocessing = 0;
			shellPath = /bin/sh;
			shellScript = "diff \"${PODS_PODFILE_DIR_PATH}/Podfile.lock\" \"${PODS_ROOT}/Manifest.lock\" > /dev/null\nif [ $? != 0 ] ; then\n    # print error to STDERR\n    echo \"error: The sandbox is not in sync with the Podfile.lock. Run 'pod install' or update your CocoaPods installation.\" >&2\n    exit 1\nfi\n# This output is used by Xcode 'outputs' to avoid re-running this script phase.\necho \"SUCCESS\" > \"${SCRIPT_OUTPUT_FILE_0}\"\n";
			showEnvVarsInLog = 0;
		};
		5E6F3F4EC1AB7EDA8B697852 /* [CP] Embed Pods Frameworks */ = {
			isa = PBXShellScriptBuildPhase;
			buildActionMask = 2147483647;
			files = (
			);
			inputFileListPaths = (
				"${PODS_ROOT}/Target Support Files/Pods-NotesStream/Pods-NotesStream-frameworks-${CONFIGURATION}-input-files.xcfilelist",
			);
			name = "[CP] Embed Pods Frameworks";
			outputFileListPaths = (
				"${PODS_ROOT}/Target Support Files/Pods-NotesStream/Pods-NotesStream-frameworks-${CONFIGURATION}-output-files.xcfilelist",
			);
			runOnlyForDeploymentPostprocessing = 0;
			shellPath = /bin/sh;
			shellScript = "\"${PODS_ROOT}/Target Support Files/Pods-NotesStream/Pods-NotesStream-frameworks.sh\"\n";
			showEnvVarsInLog = 0;
		};
/* End PBXShellScriptBuildPhase section */

/* Begin PBXSourcesBuildPhase section */
		1C0E13832CDA627F00778C2E /* Sources */ = {
			isa = PBXSourcesBuildPhase;
			buildActionMask = 2147483647;
			files = (
				1C8895802CDCEE9200107A8B /* AddNoteViewController.swift in Sources */,
				1C13850E2E41204200471B5E /* NoteTableViewCell.swift in Sources */,
				1C8895702CDCE77400107A8B /* LoginScreenView.swift in Sources */,
				1C8895862CDCEF0F00107A8B /* LoginScreenViewController.swift in Sources */,
				1C88957D2CDCEE7000107A8B /* RegisterViewController.swift in Sources */,
				1C0E138F2CDA627F00778C2E /* ViewController.swift in Sources */,
				1C88957A2CDCEE4900107A8B /* ProfileScreenViewController.swift in Sources */,
				1C0E138B2CDA627F00778C2E /* AppDelegate.swift in Sources */,
				1C8895782CDCEE1600107A8B /* AddNoteScreenView.swift in Sources */,
				1C8895832CDCEEE300107A8B /* MainScreenView.swift in Sources */,
				1C8895762CDCE8F400107A8B /* ProfileScreenView.swift in Sources */,
				1C0E138D2CDA627F00778C2E /* SceneDelegate.swift in Sources */,
				1C8895722CDCE79F00107A8B /* RegisterScreenView.swift in Sources */,
			);
			runOnlyForDeploymentPostprocessing = 0;
		};
/* End PBXSourcesBuildPhase section */

/* Begin PBXVariantGroup section */
		1C0E13902CDA627F00778C2E /* Main.storyboard */ = {
			isa = PBXVariantGroup;
			children = (
				1C0E13912CDA627F00778C2E /* Base */,
			);
			name = Main.storyboard;
			sourceTree = "<group>";
		};
		1C0E13952CDA628100778C2E /* LaunchScreen.storyboard */ = {
			isa = PBXVariantGroup;
			children = (
				1C0E13962CDA628100778C2E /* Base */,
			);
			name = LaunchScreen.storyboard;
			sourceTree = "<group>";
		};
/* End PBXVariantGroup section */

/* Begin XCBuildConfiguration section */
		1C0E13992CDA628100778C2E /* Debug */ = {
			isa = XCBuildConfiguration;
			buildSettings = {
				ALWAYS_SEARCH_USER_PATHS = NO;
				ASSETCATALOG_COMPILER_GENERATE_SWIFT_ASSET_SYMBOL_EXTENSIONS = YES;
				CLANG_ANALYZER_NONNULL = YES;
				CLANG_ANALYZER_NUMBER_OBJECT_CONVERSION = YES_AGGRESSIVE;
				CLANG_CXX_LANGUAGE_STANDARD = "gnu++20";
				CLANG_ENABLE_MODULES = YES;
				CLANG_ENABLE_OBJC_ARC = YES;
				CLANG_ENABLE_OBJC_WEAK = YES;
				CLANG_WARN_BLOCK_CAPTURE_AUTORELEASING = YES;
				CLANG_WARN_BOOL_CONVERSION = YES;
				CLANG_WARN_COMMA = YES;
				CLANG_WARN_CONSTANT_CONVERSION = YES;
				CLANG_WARN_DEPRECATED_OBJC_IMPLEMENTATIONS = YES;
				CLANG_WARN_DIRECT_OBJC_ISA_USAGE = YES_ERROR;
				CLANG_WARN_DOCUMENTATION_COMMENTS = YES;
				CLANG_WARN_EMPTY_BODY = YES;
				CLANG_WARN_ENUM_CONVERSION = YES;
				CLANG_WARN_INFINITE_RECURSION = YES;
				CLANG_WARN_INT_CONVERSION = YES;
				CLANG_WARN_NON_LITERAL_NULL_CONVERSION = YES;
				CLANG_WARN_OBJC_IMPLICIT_RETAIN_SELF = YES;
				CLANG_WARN_OBJC_LITERAL_CONVERSION = YES;
				CLANG_WARN_OBJC_ROOT_CLASS = YES_ERROR;
				CLANG_WARN_QUOTED_INCLUDE_IN_FRAMEWORK_HEADER = YES;
				CLANG_WARN_RANGE_LOOP_ANALYSIS = YES;
				CLANG_WARN_STRICT_PROTOTYPES = YES;
				CLANG_WARN_SUSPICIOUS_MOVE = YES;
				CLANG_WARN_UNGUARDED_AVAILABILITY = YES_AGGRESSIVE;
				CLANG_WARN_UNREACHABLE_CODE = YES;
				CLANG_WARN__DUPLICATE_METHOD_MATCH = YES;
				COPY_PHASE_STRIP = NO;
				DEBUG_INFORMATION_FORMAT = dwarf;
				ENABLE_STRICT_OBJC_MSGSEND = YES;
				ENABLE_TESTABILITY = YES;
				ENABLE_USER_SCRIPT_SANDBOXING = NO;
				GCC_C_LANGUAGE_STANDARD = gnu17;
				GCC_DYNAMIC_NO_PIC = NO;
				GCC_NO_COMMON_BLOCKS = YES;
				GCC_OPTIMIZATION_LEVEL = 0;
				GCC_PREPROCESSOR_DEFINITIONS = (
					"DEBUG=1",
					"$(inherited)",
				);
				GCC_WARN_64_TO_32_BIT_CONVERSION = YES;
				GCC_WARN_ABOUT_RETURN_TYPE = YES_ERROR;
				GCC_WARN_UNDECLARED_SELECTOR = YES;
				GCC_WARN_UNINITIALIZED_AUTOS = YES_AGGRESSIVE;
				GCC_WARN_UNUSED_FUNCTION = YES;
				GCC_WARN_UNUSED_VARIABLE = YES;
				IPHONEOS_DEPLOYMENT_TARGET = 17.5;
				LOCALIZATION_PREFERS_STRING_CATALOGS = YES;
				MTL_ENABLE_DEBUG_INFO = INCLUDE_SOURCE;
				MTL_FAST_MATH = YES;
				ONLY_ACTIVE_ARCH = YES;
				SDKROOT = iphoneos;
				SWIFT_ACTIVE_COMPILATION_CONDITIONS = "DEBUG $(inherited)";
				SWIFT_OPTIMIZATION_LEVEL = "-Onone";
			};
			name = Debug;
		};
		1C0E139A2CDA628100778C2E /* Release */ = {
			isa = XCBuildConfiguration;
			buildSettings = {
				ALWAYS_SEARCH_USER_PATHS = NO;
				ASSETCATALOG_COMPILER_GENERATE_SWIFT_ASSET_SYMBOL_EXTENSIONS = YES;
				CLANG_ANALYZER_NONNULL = YES;
				CLANG_ANALYZER_NUMBER_OBJECT_CONVERSION = YES_AGGRESSIVE;
				CLANG_CXX_LANGUAGE_STANDARD = "gnu++20";
				CLANG_ENABLE_MODULES = YES;
				CLANG_ENABLE_OBJC_ARC = YES;
				CLANG_ENABLE_OBJC_WEAK = YES;
				CLANG_WARN_BLOCK_CAPTURE_AUTORELEASING = YES;
				CLANG_WARN_BOOL_CONVERSION = YES;
				CLANG_WARN_COMMA = YES;
				CLANG_WARN_CONSTANT_CONVERSION = YES;
				CLANG_WARN_DEPRECATED_OBJC_IMPLEMENTATIONS = YES;
				CLANG_WARN_DIRECT_OBJC_ISA_USAGE = YES_ERROR;
				CLANG_WARN_DOCUMENTATION_COMMENTS = YES;
				CLANG_WARN_EMPTY_BODY = YES;
				CLANG_WARN_ENUM_CONVERSION = YES;
				CLANG_WARN_INFINITE_RECURSION = YES;
				CLANG_WARN_INT_CONVERSION = YES;
				CLANG_WARN_NON_LITERAL_NULL_CONVERSION = YES;
				CLANG_WARN_OBJC_IMPLICIT_RETAIN_SELF = YES;
				CLANG_WARN_OBJC_LITERAL_CONVERSION = YES;
				CLANG_WARN_OBJC_ROOT_CLASS = YES_ERROR;
				CLANG_WARN_QUOTED_INCLUDE_IN_FRAMEWORK_HEADER = YES;
				CLANG_WARN_RANGE_LOOP_ANALYSIS = YES;
				CLANG_WARN_STRICT_PROTOTYPES = YES;
				CLANG_WARN_SUSPICIOUS_MOVE = YES;
				CLANG_WARN_UNGUARDED_AVAILABILITY = YES_AGGRESSIVE;
				CLANG_WARN_UNREACHABLE_CODE = YES;
				CLANG_WARN__DUPLICATE_METHOD_MATCH = YES;
				COPY_PHASE_STRIP = NO;
				DEBUG_INFORMATION_FORMAT = "dwarf-with-dsym";
				ENABLE_NS_ASSERTIONS = NO;
				ENABLE_STRICT_OBJC_MSGSEND = YES;
				ENABLE_USER_SCRIPT_SANDBOXING = NO;
				GCC_C_LANGUAGE_STANDARD = gnu17;
				GCC_NO_COMMON_BLOCKS = YES;
				GCC_WARN_64_TO_32_BIT_CONVERSION = YES;
				GCC_WARN_ABOUT_RETURN_TYPE = YES_ERROR;
				GCC_WARN_UNDECLARED_SELECTOR = YES;
				GCC_WARN_UNINITIALIZED_AUTOS = YES_AGGRESSIVE;
				GCC_WARN_UNUSED_FUNCTION = YES;
				GCC_WARN_UNUSED_VARIABLE = YES;
				IPHONEOS_DEPLOYMENT_TARGET = 17.5;
				LOCALIZATION_PREFERS_STRING_CATALOGS = YES;
				MTL_ENABLE_DEBUG_INFO = NO;
				MTL_FAST_MATH = YES;
				SDKROOT = iphoneos;
				SWIFT_COMPILATION_MODE = wholemodule;
				VALIDATE_PRODUCT = YES;
			};
			name = Release;
		};
		1C0E139C2CDA628100778C2E /* Debug */ = {
			isa = XCBuildConfiguration;
			baseConfigurationReference = AA61BF75A093D833D1C1A105 /* Pods-NotesStream.debug.xcconfig */;
			buildSettings = {
				ASSETCATALOG_COMPILER_APPICON_NAME = AppIcon;
				ASSETCATALOG_COMPILER_GLOBAL_ACCENT_COLOR_NAME = AccentColor;
				CODE_SIGN_STYLE = Automatic;
				CURRENT_PROJECT_VERSION = 1;
				DEVELOPMENT_TEAM = L338LJ7FR6;
				ENABLE_USER_SCRIPT_SANDBOXING = NO;
				GENERATE_INFOPLIST_FILE = YES;
				INFOPLIST_FILE = NotesStream/Info.plist;
				INFOPLIST_KEY_UIApplicationSupportsIndirectInputEvents = YES;
				INFOPLIST_KEY_UILaunchStoryboardName = LaunchScreen;
				INFOPLIST_KEY_UIMainStoryboardFile = Main;
				INFOPLIST_KEY_UISupportedInterfaceOrientations_iPad = "UIInterfaceOrientationPortrait UIInterfaceOrientationPortraitUpsideDown UIInterfaceOrientationLandscapeLeft UIInterfaceOrientationLandscapeRight";
				INFOPLIST_KEY_UISupportedInterfaceOrientations_iPhone = "UIInterfaceOrientationPortrait UIInterfaceOrientationLandscapeLeft UIInterfaceOrientationLandscapeRight";
				LD_RUNPATH_SEARCH_PATHS = (
					"$(inherited)",
					"@executable_path/Frameworks",
				);
				MARKETING_VERSION = 1.0;
				PRODUCT_BUNDLE_IDENTIFIER = com.sonirusagara.NotesStream;
				PRODUCT_NAME = "$(TARGET_NAME)";
				SWIFT_EMIT_LOC_STRINGS = YES;
				SWIFT_VERSION = 5.0;
				TARGETED_DEVICE_FAMILY = "1,2";
			};
			name = Debug;
		};
		1C0E139D2CDA628100778C2E /* Release */ = {
			isa = XCBuildConfiguration;
			baseConfigurationReference = 0BBF7BAAF8D56328F43EE4E8 /* Pods-NotesStream.release.xcconfig */;
			buildSettings = {
				ASSETCATALOG_COMPILER_APPICON_NAME = AppIcon;
				ASSETCATALOG_COMPILER_GLOBAL_ACCENT_COLOR_NAME = AccentColor;
				CODE_SIGN_STYLE = Automatic;
				CURRENT_PROJECT_VERSION = 1;
				DEVELOPMENT_TEAM = L338LJ7FR6;
				ENABLE_USER_SCRIPT_SANDBOXING = NO;
				GENERATE_INFOPLIST_FILE = YES;
				INFOPLIST_FILE = NotesStream/Info.plist;
				INFOPLIST_KEY_UIApplicationSupportsIndirectInputEvents = YES;
				INFOPLIST_KEY_UILaunchStoryboardName = LaunchScreen;
				INFOPLIST_KEY_UIMainStoryboardFile = Main;
				INFOPLIST_KEY_UISupportedInterfaceOrientations_iPad = "UIInterfaceOrientationPortrait UIInterfaceOrientationPortraitUpsideDown UIInterfaceOrientationLandscapeLeft UIInterfaceOrientationLandscapeRight";
				INFOPLIST_KEY_UISupportedInterfaceOrientations_iPhone = "UIInterfaceOrientationPortrait UIInterfaceOrientationLandscapeLeft UIInterfaceOrientationLandscapeRight";
				LD_RUNPATH_SEARCH_PATHS = (
					"$(inherited)",
					"@executable_path/Frameworks",
				);
				MARKETING_VERSION = 1.0;
				PRODUCT_BUNDLE_IDENTIFIER = com.sonirusagara.NotesStream;
				PRODUCT_NAME = "$(TARGET_NAME)";
				SWIFT_EMIT_LOC_STRINGS = YES;
				SWIFT_VERSION = 5.0;
				TARGETED_DEVICE_FAMILY = "1,2";
			};
			name = Release;
		};
/* End XCBuildConfiguration section */

/* Begin XCConfigurationList section */
		1C0E13822CDA627F00778C2E /* Build configuration list for PBXProject "NotesStream" */ = {
			isa = XCConfigurationList;
			buildConfigurations = (
				1C0E13992CDA628100778C2E /* Debug */,
				1C0E139A2CDA628100778C2E /* Release */,
			);
			defaultConfigurationIsVisible = 0;
			defaultConfigurationName = Release;
		};
		1C0E139B2CDA628100778C2E /* Build configuration list for PBXNativeTarget "NotesStream" */ = {
			isa = XCConfigurationList;
			buildConfigurations = (
				1C0E139C2CDA628100778C2E /* Debug */,
				1C0E139D2CDA628100778C2E /* Release */,
			);
			defaultConfigurationIsVisible = 0;
			defaultConfigurationName = Release;
		};
/* End XCConfigurationList section */
	};
	rootObject = 1C0E137F2CDA627F00778C2E /* Project object */;
}
